PODS:
  - Charts/Core (3.0.1)
  - Charts/Realm (3.0.1):
    - Charts/Core
    - RealmSwift (~> 1.1)
  - IQKeyboardManagerSwift (4.0.9)
  - LFLoginController (0.2.8)
  - Realm (1.1.0):
    - Realm/Headers (= 1.1.0)
  - Realm/Headers (1.1.0)
  - RealmSwift (1.1.0):
    - Realm (= 1.1.0)
  - SwipeableTabBarController (1.0.4)

DEPENDENCIES:
  - Charts/Realm
  - IQKeyboardManagerSwift
  - LFLoginController
  - SwipeableTabBarController

SPEC CHECKSUMS:
  Charts: 0e84f4418e87dad6a9edde221fba37ebb51d3ba7
  IQKeyboardManagerSwift: 2eefe6c429b86aa08bfbc1b5c891164d754adf91
  LFLoginController: 9c658847b55f30dfa0c780f5331fb63117853aef
  Realm: ceecf1a4540c4ce9efe196fe73fa9855bce05bd8
  RealmSwift: 838058b2db95b12cb86bd0cf209df642c33fb60a
  SwipeableTabBarController: a52688ad47614ba98611df30a788202db90620fe

PODFILE CHECKSUM: 2645878e639d950808275cc0841660591f838747

COCOAPODS: 1.1.1
